
Microsoft Visual Studio Solution File, Format Version 12.00
# Visual Studio Version 17
VisualStudioVersion = 17.9.34701.34
MinimumVisualStudioVersion = 10.0.40219.1
Project("{FAE04EC0-301F-11D3-BF4B-00C04F79EFBC}") = "Tp_WinForm_Grupo_19", "Tp_WinForm_Grupo_19.csproj", "{5969DF4F-E0A0-4CCA-80BC-1340563E2106}"
EndProject
Global
	GlobalSection(SolutionConfigurationPlatforms) = preSolution
		Debug|Any CPU = Debug|Any CPU
		Release|Any CPU = Release|Any CPU
	EndGlobalSection
	GlobalSection(ProjectConfigurationPlatforms) = postSolution
		{5969DF4F-E0A0-4CCA-80BC-1340563E2106}.Debug|Any CPU.ActiveCfg = Debug|Any CPU
		{5969DF4F-E0A0-4CCA-80BC-1340563E2106}.Debug|Any CPU.Build.0 = Debug|Any CPU
		{5969DF4F-E0A0-4CCA-80BC-1340563E2106}.Release|Any CPU.ActiveCfg = Release|Any CPU
		{5969DF4F-E0A0-4CCA-80BC-1340563E2106}.Release|Any CPU.Build.0 = Release|Any CPU
	EndGlobalSection
	GlobalSection(SolutionProperties) = preSolution
		HideSolutionNode = FALSE
	EndGlobalSection
	GlobalSection(ExtensibilityGlobals) = postSolution
		SolutionGuid = {3BF350E2-D660-476A-9ECE-6CD8F2BB4BE9}
	EndGlobalSection
EndGlobal
